{
  "name": "powertrioarranger",
  "version": "1.0.0",
  "lockfileVersion": 3,
  "requires": true,
  "packages": {
    "": {
      "name": "powertrioarranger",
      "version": "1.0.0",
      "license": "ISC",
      "dependencies": {
        "max-api": "^2.0.0"
      }
    },
    "node_modules/max-api": {
      "version": "2.0.0",
      "resolved": "https://registry.npmjs.org/max-api/-/max-api-2.0.0.tgz",
      "integrity": "sha512-/hw9GTWwjrVfh9sHplIbry2g6T9ShE3AYeIqndmJ5DfpiwU4gm62a+aiAW9yJGOaKm18L09xOeFlXEhkP/Ilpg==",
      "license": "MIT"
    }
  }
}
